
Microsoft Visual Studio Solution File, Format Version 12.00
# Visual Studio 15
VisualStudioVersion = 15.0.27004.2002
MinimumVisualStudioVersion = 10.0.40219.1
Project("{8BC9CEB8-8B4A-11D0-8D11-00A0C91BC942}") = "Aggregate", "Aggregate\Aggregate.vcxproj", "{92CABF26-A9EE-442B-A85C-D6F5EA903595}"
EndProject
Global
	GlobalSection(SolutionConfigurationPlatforms) = preSolution
		Debug|x64 = Debug|x64
		Debug|x86 = Debug|x86
		Release|x64 = Release|x64
		Release|x86 = Release|x86
	EndGlobalSection
	GlobalSection(ProjectConfigurationPlatforms) = postSolution
		{92CABF26-A9EE-442B-A85C-D6F5EA903595}.Debug|x64.ActiveCfg = Debug|x64
		{92CABF26-A9EE-442B-A85C-D6F5EA903595}.Debug|x64.Build.0 = Debug|x64
		{92CABF26-A9EE-442B-A85C-D6F5EA903595}.Debug|x86.ActiveCfg = Debug|Win32
		{92CABF26-A9EE-442B-A85C-D6F5EA903595}.Debug|x86.Build.0 = Debug|Win32
		{92CABF26-A9EE-442B-A85C-D6F5EA903595}.Release|x64.ActiveCfg = Release|x64
		{92CABF26-A9EE-442B-A85C-D6F5EA903595}.Release|x64.Build.0 = Release|x64
		{92CABF26-A9EE-442B-A85C-D6F5EA903595}.Release|x86.ActiveCfg = Release|Win32
		{92CABF26-A9EE-442B-A85C-D6F5EA903595}.Release|x86.Build.0 = Release|Win32
	EndGlobalSection
	GlobalSection(SolutionProperties) = preSolution
		HideSolutionNode = FALSE
	EndGlobalSection
	GlobalSection(ExtensibilityGlobals) = postSolution
		SolutionGuid = {F92A4EC9-9BF0-4A63-ACED-A03D031DE947}
	EndGlobalSection
EndGlobal
